
Microsoft Visual Studio Solution File, Format Version 12.00
# Visual Studio Version 16
VisualStudioVersion = 16.0.31205.134
MinimumVisualStudioVersion = 10.0.40219.1
Project("{FAE04EC0-301F-11D3-BF4B-00C04F79EFBC}") = "ScientistVA", "ScientistVA\ScientistVA.csproj", "{11BEF9D3-ECCC-4A2B-8510-9B96E78721E9}"
EndProject
Project("{FAE04EC0-301F-11D3-BF4B-00C04F79EFBC}") = "BELibrary", "BELibrary\BELibrary.csproj", "{F5288BB1-1FE8-4016-AE9A-28D1FE86C357}"
EndProject
Global
	GlobalSection(SolutionConfigurationPlatforms) = preSolution
		Debug|Any CPU = Debug|Any CPU
		Release|Any CPU = Release|Any CPU
	EndGlobalSection
	GlobalSection(ProjectConfigurationPlatforms) = postSolution
		{11BEF9D3-ECCC-4A2B-8510-9B96E78721E9}.Debug|Any CPU.ActiveCfg = Debug|Any CPU
		{11BEF9D3-ECCC-4A2B-8510-9B96E78721E9}.Debug|Any CPU.Build.0 = Debug|Any CPU
		{11BEF9D3-ECCC-4A2B-8510-9B96E78721E9}.Release|Any CPU.ActiveCfg = Release|Any CPU
		{11BEF9D3-ECCC-4A2B-8510-9B96E78721E9}.Release|Any CPU.Build.0 = Release|Any CPU
		{F5288BB1-1FE8-4016-AE9A-28D1FE86C357}.Debug|Any CPU.ActiveCfg = Debug|Any CPU
		{F5288BB1-1FE8-4016-AE9A-28D1FE86C357}.Debug|Any CPU.Build.0 = Debug|Any CPU
		{F5288BB1-1FE8-4016-AE9A-28D1FE86C357}.Release|Any CPU.ActiveCfg = Release|Any CPU
		{F5288BB1-1FE8-4016-AE9A-28D1FE86C357}.Release|Any CPU.Build.0 = Release|Any CPU
	EndGlobalSection
	GlobalSection(SolutionProperties) = preSolution
		HideSolutionNode = FALSE
	EndGlobalSection
	GlobalSection(ExtensibilityGlobals) = postSolution
		SolutionGuid = {C0FBDE69-C083-4EAD-80BB-8AC34CE1F7D5}
	EndGlobalSection
EndGlobal
